{
    "name": "mini-projects",
    "lockfileVersion": 2,
    "requires": true,
    "packages": {
        "": {
            "devDependencies": {
                "@types/node": "^12.12.21",
                "typescript": "^4.5.5"
            }
        },
        "node_modules/@types/node": {
            "version": "12.20.43",
            "resolved": "https://registry.npmjs.org/@types/node/-/node-12.20.43.tgz",
            "integrity": "sha512-HCfJdaYqJX3BCzeihgZrD7b85Cu05OC/GVJ4kEYIflwUs4jbnUlLLWoq7hw1LBcdvUyehO+gr6P5JQ895/2ZfA==",
            "dev": true
        },
        "node_modules/typescript": {
            "version": "4.5.5",
            "resolved": "https://registry.npmjs.org/typescript/-/typescript-4.5.5.tgz",
            "integrity": "sha512-TCTIul70LyWe6IJWT8QSYeA54WQe8EjQFU4wY52Fasj5UKx88LNYKCgBEHcOMOrFF1rKGbD8v/xcNWVUq9SymA==",
            "dev": true,
            "bin": {
                "tsc": "bin/tsc",
                "tsserver": "bin/tsserver"
            },
            "engines": {
                "node": ">=4.2.0"
            }
        }
    },
    "dependencies": {
        "@types/node": {
            "version": "12.20.43",
            "resolved": "https://registry.npmjs.org/@types/node/-/node-12.20.43.tgz",
            "integrity": "sha512-HCfJdaYqJX3BCzeihgZrD7b85Cu05OC/GVJ4kEYIflwUs4jbnUlLLWoq7hw1LBcdvUyehO+gr6P5JQ895/2ZfA==",
            "dev": true
        },
        "typescript": {
            "version": "4.5.5",
            "resolved": "https://registry.npmjs.org/typescript/-/typescript-4.5.5.tgz",
            "integrity": "sha512-TCTIul70LyWe6IJWT8QSYeA54WQe8EjQFU4wY52Fasj5UKx88LNYKCgBEHcOMOrFF1rKGbD8v/xcNWVUq9SymA==",
            "dev": true
        }
    }
}
